
Microsoft Visual Studio Solution File, Format Version 12.00
# Visual Studio 15
Project("{FAE04EC0-301F-11D3-BF4B-00C04F79EFBC}") = "HistoryTourGame", "HistoryTourGame.csproj", "{720BF77F-5BAA-2DCD-EF19-2EE21F8FE4E7}"
EndProject
Project("{FAE04EC0-301F-11D3-BF4B-00C04F79EFBC}") = "HistoryTourGame.Plugins", "HistoryTourGame.Plugins.csproj", "{9CFD6BA3-91D1-BDDA-B62E-5229460BEDE5}"
EndProject
Project("{FAE04EC0-301F-11D3-BF4B-00C04F79EFBC}") = "HistoryTourGame.Editor.Plugins", "HistoryTourGame.Editor.Plugins.csproj", "{3A196265-11BE-0299-A1C9-19AB295CCC33}"
EndProject
Global
	GlobalSection(SolutionConfigurationPlatforms) = preSolution
		Debug|Any CPU = Debug|Any CPU
		Release|Any CPU = Release|Any CPU
	EndGlobalSection
	GlobalSection(ProjectConfigurationPlatforms) = postSolution
		{720BF77F-5BAA-2DCD-EF19-2EE21F8FE4E7}.Debug|Any CPU.ActiveCfg = Debug|Any CPU
		{720BF77F-5BAA-2DCD-EF19-2EE21F8FE4E7}.Debug|Any CPU.Build.0 = Debug|Any CPU
		{720BF77F-5BAA-2DCD-EF19-2EE21F8FE4E7}.Release|Any CPU.ActiveCfg = Release|Any CPU
		{720BF77F-5BAA-2DCD-EF19-2EE21F8FE4E7}.Release|Any CPU.Build.0 = Release|Any CPU
		{9CFD6BA3-91D1-BDDA-B62E-5229460BEDE5}.Debug|Any CPU.ActiveCfg = Debug|Any CPU
		{9CFD6BA3-91D1-BDDA-B62E-5229460BEDE5}.Debug|Any CPU.Build.0 = Debug|Any CPU
		{9CFD6BA3-91D1-BDDA-B62E-5229460BEDE5}.Release|Any CPU.ActiveCfg = Release|Any CPU
		{9CFD6BA3-91D1-BDDA-B62E-5229460BEDE5}.Release|Any CPU.Build.0 = Release|Any CPU
		{3A196265-11BE-0299-A1C9-19AB295CCC33}.Debug|Any CPU.ActiveCfg = Debug|Any CPU
		{3A196265-11BE-0299-A1C9-19AB295CCC33}.Debug|Any CPU.Build.0 = Debug|Any CPU
		{3A196265-11BE-0299-A1C9-19AB295CCC33}.Release|Any CPU.ActiveCfg = Release|Any CPU
		{3A196265-11BE-0299-A1C9-19AB295CCC33}.Release|Any CPU.Build.0 = Release|Any CPU
	EndGlobalSection
	GlobalSection(SolutionProperties) = preSolution
		HideSolutionNode = FALSE
	EndGlobalSection
EndGlobal
